# @generated by Move, please check-in and do not edit manually.

[move]
version = 3
manifest_digest = "81906EA711A281E8F2C5E4450F71552B0A6C24D77FD528413255185E5977F132"
deps_digest = "F8BBB0CCB2491CA29A3DF03D6F92277A4F3574266507ACD77214D37ECA3F3082"
dependencies = [
  { id = "Sui", name = "Sui" },
]

[[move.package]]
id = "MoveStdlib"
source = { git = "https://github.com/MystenLabs/sui.git", rev = "framework/testnet", subdir = "crates/sui-framework/packages/move-stdlib" }

[[move.package]]
id = "Sui"
source = { git = "https://github.com/MystenLabs/sui.git", rev = "framework/testnet", subdir = "crates/sui-framework/packages/sui-framework" }

dependencies = [
  { id = "MoveStdlib", name = "MoveStdlib" },
]

[move.toolchain-version]
compiler-version = "1.57.0"
edition = "2024.beta"
flavor = "sui"

[env]

[env.testnet]
chain-id = "4c78adac"
original-published-id = "0xbc0e271b66dad1f15403e75f6ddb58d38a6ae35684297e804508779c27fac329"
latest-published-id = "0xbc0e271b66dad1f15403e75f6ddb58d38a6ae35684297e804508779c27fac329"
published-version = "1"
